<?xml version="1.0" encoding="UTF-8" standalone="yes" ?>
<CodeBlocks_project_file>
   <FileVersion major="1" minor="6" />
   <Project>
      <Option title="main" />
      <Option makefile_is_custom="1" />
      <Option compiler="gcc" />
      <Option virtualFolders="CMake Files\;" />
      <Build>
      <Target title="all">
         <Option working_dir="/fs02/share/users/alperen.aydin/home/TP_math/maj/AnalyseNumerique/EDO_EDP/01_eigen/03_curve_fitting_qt_interval" />
         <Option type="4" />
         <MakeCommands>
            <Build command="/usr/bin/make -f &quot;/fs02/share/users/alperen.aydin/home/TP_math/maj/AnalyseNumerique/EDO_EDP/01_eigen/03_curve_fitting_qt_interval/Makefile&quot;  VERBOSE=1 all" />
            <CompileFile command="/usr/bin/make -f &quot;/fs02/share/users/alperen.aydin/home/TP_math/maj/AnalyseNumerique/EDO_EDP/01_eigen/03_curve_fitting_qt_interval/Makefile&quot;  VERBOSE=1 &quot;$file&quot;" />
            <Clean command="/usr/bin/make -f &quot;/fs02/share/users/alperen.aydin/home/TP_math/maj/AnalyseNumerique/EDO_EDP/01_eigen/03_curve_fitting_qt_interval/Makefile&quot;  VERBOSE=1 clean" />
            <DistClean command="/usr/bin/make -f &quot;/fs02/share/users/alperen.aydin/home/TP_math/maj/AnalyseNumerique/EDO_EDP/01_eigen/03_curve_fitting_qt_interval/Makefile&quot;  VERBOSE=1 clean" />
         </MakeCommands>
      </Target>
      <Target title="edit_cache">
         <Option working_dir="/fs02/share/users/alperen.aydin/home/TP_math/maj/AnalyseNumerique/EDO_EDP/01_eigen/03_curve_fitting_qt_interval" />
         <Option type="4" />
         <MakeCommands>
            <Build command="/usr/bin/make -f &quot;/fs02/share/users/alperen.aydin/home/TP_math/maj/AnalyseNumerique/EDO_EDP/01_eigen/03_curve_fitting_qt_interval/Makefile&quot;  VERBOSE=1 edit_cache" />
            <CompileFile command="/usr/bin/make -f &quot;/fs02/share/users/alperen.aydin/home/TP_math/maj/AnalyseNumerique/EDO_EDP/01_eigen/03_curve_fitting_qt_interval/Makefile&quot;  VERBOSE=1 &quot;$file&quot;" />
            <Clean command="/usr/bin/make -f &quot;/fs02/share/users/alperen.aydin/home/TP_math/maj/AnalyseNumerique/EDO_EDP/01_eigen/03_curve_fitting_qt_interval/Makefile&quot;  VERBOSE=1 clean" />
            <DistClean command="/usr/bin/make -f &quot;/fs02/share/users/alperen.aydin/home/TP_math/maj/AnalyseNumerique/EDO_EDP/01_eigen/03_curve_fitting_qt_interval/Makefile&quot;  VERBOSE=1 clean" />
         </MakeCommands>
      </Target>
      <Target title="pgm">
         <Option output="/fs02/share/users/alperen.aydin/home/TP_math/maj/AnalyseNumerique/EDO_EDP/01_eigen/03_curve_fitting_qt_interval/pgm" prefix_auto="0" extension_auto="0" />
         <Option working_dir="/fs02/share/users/alperen.aydin/home/TP_math/maj/AnalyseNumerique/EDO_EDP/01_eigen/03_curve_fitting_qt_interval" />
         <Option object_output="./" />
         <Option type="1" />
         <Option compiler="gcc" />
         <Compiler>
            <Add option="-DQT_GUI_LIB" />
            <Add option="-DQT_CORE_LIB" />
            <Add option="-DQT_DEBUG" />
            <Add directory="/fs02/share/users/alperen.aydin/home/TP_math/maj/AnalyseNumerique/EDO_EDP/01_eigen/03_curve_fitting_qt_interval" />
            <Add directory="/fs02/share/users/alperen.aydin/home/TP_math/maj/AnalyseNumerique/EDO_EDP/01_eigen/03_curve_fitting_qt_interval/../eigen/include/eigen3" />
            <Add directory="/usr/include" />
            <Add directory="/usr/include/c++/4.8" />
            <Add directory="/usr/include/c++/4.8/backward" />
            <Add directory="/usr/include/qt4" />
            <Add directory="/usr/include/qt4/QtCore" />
            <Add directory="/usr/include/qt4/QtGui" />
            <Add directory="/usr/include/x86_64-linux-gnu" />
            <Add directory="/usr/include/x86_64-linux-gnu/c++/4.8" />
            <Add directory="/usr/lib/gcc/x86_64-linux-gnu/4.8/include" />
            <Add directory="/usr/lib/gcc/x86_64-linux-gnu/4.8/include-fixed" />
            <Add directory="/usr/local/include" />
         </Compiler>
         <MakeCommands>
            <Build command="/usr/bin/make -f &quot;/fs02/share/users/alperen.aydin/home/TP_math/maj/AnalyseNumerique/EDO_EDP/01_eigen/03_curve_fitting_qt_interval/Makefile&quot;  VERBOSE=1 pgm" />
            <CompileFile command="/usr/bin/make -f &quot;/fs02/share/users/alperen.aydin/home/TP_math/maj/AnalyseNumerique/EDO_EDP/01_eigen/03_curve_fitting_qt_interval/Makefile&quot;  VERBOSE=1 &quot;$file&quot;" />
            <Clean command="/usr/bin/make -f &quot;/fs02/share/users/alperen.aydin/home/TP_math/maj/AnalyseNumerique/EDO_EDP/01_eigen/03_curve_fitting_qt_interval/Makefile&quot;  VERBOSE=1 clean" />
            <DistClean command="/usr/bin/make -f &quot;/fs02/share/users/alperen.aydin/home/TP_math/maj/AnalyseNumerique/EDO_EDP/01_eigen/03_curve_fitting_qt_interval/Makefile&quot;  VERBOSE=1 clean" />
         </MakeCommands>
      </Target>
      <Target title="pgm/fast">
         <Option output="/fs02/share/users/alperen.aydin/home/TP_math/maj/AnalyseNumerique/EDO_EDP/01_eigen/03_curve_fitting_qt_interval/pgm" prefix_auto="0" extension_auto="0" />
         <Option working_dir="/fs02/share/users/alperen.aydin/home/TP_math/maj/AnalyseNumerique/EDO_EDP/01_eigen/03_curve_fitting_qt_interval" />
         <Option object_output="./" />
         <Option type="1" />
         <Option compiler="gcc" />
         <Compiler>
            <Add option="-DQT_GUI_LIB" />
            <Add option="-DQT_CORE_LIB" />
            <Add option="-DQT_DEBUG" />
            <Add directory="/fs02/share/users/alperen.aydin/home/TP_math/maj/AnalyseNumerique/EDO_EDP/01_eigen/03_curve_fitting_qt_interval" />
            <Add directory="/fs02/share/users/alperen.aydin/home/TP_math/maj/AnalyseNumerique/EDO_EDP/01_eigen/03_curve_fitting_qt_interval/../eigen/include/eigen3" />
            <Add directory="/usr/include" />
            <Add directory="/usr/include/c++/4.8" />
            <Add directory="/usr/include/c++/4.8/backward" />
            <Add directory="/usr/include/qt4" />
            <Add directory="/usr/include/qt4/QtCore" />
            <Add directory="/usr/include/qt4/QtGui" />
            <Add directory="/usr/include/x86_64-linux-gnu" />
            <Add directory="/usr/include/x86_64-linux-gnu/c++/4.8" />
            <Add directory="/usr/lib/gcc/x86_64-linux-gnu/4.8/include" />
            <Add directory="/usr/lib/gcc/x86_64-linux-gnu/4.8/include-fixed" />
            <Add directory="/usr/local/include" />
         </Compiler>
         <MakeCommands>
            <Build command="/usr/bin/make -f &quot;/fs02/share/users/alperen.aydin/home/TP_math/maj/AnalyseNumerique/EDO_EDP/01_eigen/03_curve_fitting_qt_interval/Makefile&quot;  VERBOSE=1 pgm/fast" />
            <CompileFile command="/usr/bin/make -f &quot;/fs02/share/users/alperen.aydin/home/TP_math/maj/AnalyseNumerique/EDO_EDP/01_eigen/03_curve_fitting_qt_interval/Makefile&quot;  VERBOSE=1 &quot;$file&quot;" />
            <Clean command="/usr/bin/make -f &quot;/fs02/share/users/alperen.aydin/home/TP_math/maj/AnalyseNumerique/EDO_EDP/01_eigen/03_curve_fitting_qt_interval/Makefile&quot;  VERBOSE=1 clean" />
            <DistClean command="/usr/bin/make -f &quot;/fs02/share/users/alperen.aydin/home/TP_math/maj/AnalyseNumerique/EDO_EDP/01_eigen/03_curve_fitting_qt_interval/Makefile&quot;  VERBOSE=1 clean" />
         </MakeCommands>
      </Target>
      <Target title="rebuild_cache">
         <Option working_dir="/fs02/share/users/alperen.aydin/home/TP_math/maj/AnalyseNumerique/EDO_EDP/01_eigen/03_curve_fitting_qt_interval" />
         <Option type="4" />
         <MakeCommands>
            <Build command="/usr/bin/make -f &quot;/fs02/share/users/alperen.aydin/home/TP_math/maj/AnalyseNumerique/EDO_EDP/01_eigen/03_curve_fitting_qt_interval/Makefile&quot;  VERBOSE=1 rebuild_cache" />
            <CompileFile command="/usr/bin/make -f &quot;/fs02/share/users/alperen.aydin/home/TP_math/maj/AnalyseNumerique/EDO_EDP/01_eigen/03_curve_fitting_qt_interval/Makefile&quot;  VERBOSE=1 &quot;$file&quot;" />
            <Clean command="/usr/bin/make -f &quot;/fs02/share/users/alperen.aydin/home/TP_math/maj/AnalyseNumerique/EDO_EDP/01_eigen/03_curve_fitting_qt_interval/Makefile&quot;  VERBOSE=1 clean" />
            <DistClean command="/usr/bin/make -f &quot;/fs02/share/users/alperen.aydin/home/TP_math/maj/AnalyseNumerique/EDO_EDP/01_eigen/03_curve_fitting_qt_interval/Makefile&quot;  VERBOSE=1 clean" />
         </MakeCommands>
      </Target>
      </Build>
      <Unit filename="/fs02/share/users/alperen.aydin/home/TP_math/maj/AnalyseNumerique/EDO_EDP/01_eigen/03_curve_fitting_qt_interval/src/fitting.cpp">
      </Unit>
      <Unit filename="/fs02/share/users/alperen.aydin/home/TP_math/maj/AnalyseNumerique/EDO_EDP/01_eigen/03_curve_fitting_qt_interval/src/main.cpp">
      </Unit>
      <Unit filename="/fs02/share/users/alperen.aydin/home/TP_math/maj/AnalyseNumerique/EDO_EDP/01_eigen/03_curve_fitting_qt_interval/src/point_set.cpp">
      </Unit>
      <Unit filename="/fs02/share/users/alperen.aydin/home/TP_math/maj/AnalyseNumerique/EDO_EDP/01_eigen/03_curve_fitting_qt_interval/src/polynomial.cpp">
      </Unit>
      <Unit filename="/fs02/share/users/alperen.aydin/home/TP_math/maj/AnalyseNumerique/EDO_EDP/01_eigen/03_curve_fitting_qt_interval/src/render_area.cpp">
      </Unit>
      <Unit filename="/fs02/share/users/alperen.aydin/home/TP_math/maj/AnalyseNumerique/EDO_EDP/01_eigen/03_curve_fitting_qt_interval/src/vec2.cpp">
      </Unit>
      <Unit filename="/fs02/share/users/alperen.aydin/home/TP_math/maj/AnalyseNumerique/EDO_EDP/01_eigen/03_curve_fitting_qt_interval/src/window.cpp">
      </Unit>
      <Unit filename="/fs02/share/users/alperen.aydin/home/TP_math/maj/AnalyseNumerique/EDO_EDP/01_eigen/03_curve_fitting_qt_interval/src/fitting.hpp">
      </Unit>
      <Unit filename="/fs02/share/users/alperen.aydin/home/TP_math/maj/AnalyseNumerique/EDO_EDP/01_eigen/03_curve_fitting_qt_interval/src/mainwindow.ui">
      </Unit>
      <Unit filename="/fs02/share/users/alperen.aydin/home/TP_math/maj/AnalyseNumerique/EDO_EDP/01_eigen/03_curve_fitting_qt_interval/src/point_set.hpp">
      </Unit>
      <Unit filename="/fs02/share/users/alperen.aydin/home/TP_math/maj/AnalyseNumerique/EDO_EDP/01_eigen/03_curve_fitting_qt_interval/src/polynomial.hpp">
      </Unit>
      <Unit filename="/fs02/share/users/alperen.aydin/home/TP_math/maj/AnalyseNumerique/EDO_EDP/01_eigen/03_curve_fitting_qt_interval/src/render_area.hpp">
      </Unit>
      <Unit filename="/fs02/share/users/alperen.aydin/home/TP_math/maj/AnalyseNumerique/EDO_EDP/01_eigen/03_curve_fitting_qt_interval/src/vec2.hpp">
      </Unit>
      <Unit filename="/fs02/share/users/alperen.aydin/home/TP_math/maj/AnalyseNumerique/EDO_EDP/01_eigen/03_curve_fitting_qt_interval/src/window.hpp">
      </Unit>
      <Unit filename="/fs02/share/users/alperen.aydin/home/TP_math/maj/AnalyseNumerique/EDO_EDP/01_eigen/03_curve_fitting_qt_interval/CMakeLists.txt">
          <Option virtualFolder="CMake Files\" />
      </Unit>
   </Project>
</CodeBlocks_project_file>
